{
  "name": "@agenttrust/nemoclaw-integration",
  "version": "0.1.0",
  "lockfileVersion": 3,
  "requires": true,
  "packages": {
    "": {
      "name": "@agenttrust/nemoclaw-integration",
      "version": "0.1.0",
      "license": "MIT",
      "bin": {
        "agenttrust-nemoclaw": "src/cli.js"
      },
      "engines": {
        "node": ">=20"
      }
    }
  }
}
